// !$*UTF8*$!
{
	archiveVersion = 1;
	classes = {
	};
	objectVersion = 46;
	objects = {

/* Begin PBXBuildFile section */
		733F6FA31D6232920059B62D /* VTPhotoAlbumViewController.swift in Sources */ = {isa = PBXBuildFile; fileRef = 733F6FA21D6232920059B62D /* VTPhotoAlbumViewController.swift */; };
		7342D4511D7CC3A5001BFA0A /* VTPhotoAlbumCollectionViewController.swift in Sources */ = {isa = PBXBuildFile; fileRef = 7342D4501D7CC3A5001BFA0A /* VTPhotoAlbumCollectionViewController.swift */; };
		735024481D4FC22900C0B3DC /* AppDelegate.swift in Sources */ = {isa = PBXBuildFile; fileRef = 735024471D4FC22900C0B3DC /* AppDelegate.swift */; };
		7350244D1D4FC22900C0B3DC /* Main.storyboard in Resources */ = {isa = PBXBuildFile; fileRef = 7350244B1D4FC22900C0B3DC /* Main.storyboard */; };
		7350244F1D4FC22900C0B3DC /* Assets.xcassets in Resources */ = {isa = PBXBuildFile; fileRef = 7350244E1D4FC22900C0B3DC /* Assets.xcassets */; };
		735024521D4FC22900C0B3DC /* LaunchScreen.storyboard in Resources */ = {isa = PBXBuildFile; fileRef = 735024501D4FC22900C0B3DC /* LaunchScreen.storyboard */; };
		7350245D1D4FC22900C0B3DC /* VirtualTouristTests.swift in Sources */ = {isa = PBXBuildFile; fileRef = 7350245C1D4FC22900C0B3DC /* VirtualTouristTests.swift */; };
		735024681D4FC22900C0B3DC /* VirtualTouristUITests.swift in Sources */ = {isa = PBXBuildFile; fileRef = 735024671D4FC22900C0B3DC /* VirtualTouristUITests.swift */; };
		735024791D4FC3C200C0B3DC /* VTMapViewController.swift in Sources */ = {isa = PBXBuildFile; fileRef = 735024781D4FC3C200C0B3DC /* VTMapViewController.swift */; };
		7350247B1D4FC44700C0B3DC /* MapKit.framework in Frameworks */ = {isa = PBXBuildFile; fileRef = 7350247A1D4FC44700C0B3DC /* MapKit.framework */; };
		735628071D6D197300E5C96D /* VirtualTouristModel.xcdatamodeld in Sources */ = {isa = PBXBuildFile; fileRef = 735628051D6D197300E5C96D /* VirtualTouristModel.xcdatamodeld */; };
		7390B08A1D871F8A00FC304F /* VTClient.swift in Sources */ = {isa = PBXBuildFile; fileRef = 7390B0891D871F8A00FC304F /* VTClient.swift */; };
		739CBD081D998DD0005B80CE /* Pin+CoreDataProperties.swift in Sources */ = {isa = PBXBuildFile; fileRef = 739CBD061D998DD0005B80CE /* Pin+CoreDataProperties.swift */; };
		739CBD0B1D998E48005B80CE /* Photo+CoreDataProperties.swift in Sources */ = {isa = PBXBuildFile; fileRef = 739CBD0A1D998E48005B80CE /* Photo+CoreDataProperties.swift */; };
		739D861D1D91D43700E9B137 /* VTPhotoCollectionViewCell.swift in Sources */ = {isa = PBXBuildFile; fileRef = 739D861C1D91D43700E9B137 /* VTPhotoCollectionViewCell.swift */; };
		73A063741D88CF3F00E64328 /* VTUIViewController.swift in Sources */ = {isa = PBXBuildFile; fileRef = 73A063731D88CF3F00E64328 /* VTUIViewController.swift */; };
		73FC4FCC1D6E3A1A009162B1 /* Photo.swift in Sources */ = {isa = PBXBuildFile; fileRef = 73FC4FC81D6E3A1A009162B1 /* Photo.swift */; };
		73FC4FCE1D6E3A1A009162B1 /* Pin.swift in Sources */ = {isa = PBXBuildFile; fileRef = 73FC4FCA1D6E3A1A009162B1 /* Pin.swift */; };
		73FC4FD01D6E3C80009162B1 /* CoreDataStack.swift in Sources */ = {isa = PBXBuildFile; fileRef = 73FC4FCF1D6E3C80009162B1 /* CoreDataStack.swift */; };
		73FC4FD21D6E3ED8009162B1 /* CoreDataCollectionViewController.swift in Sources */ = {isa = PBXBuildFile; fileRef = 73FC4FD11D6E3ED8009162B1 /* CoreDataCollectionViewController.swift */; };
/* End PBXBuildFile section */

/* Begin PBXContainerItemProxy section */
		735024591D4FC22900C0B3DC /* PBXContainerItemProxy */ = {
			isa = PBXContainerItemProxy;
			containerPortal = 7350243C1D4FC22900C0B3DC /* Project object */;
			proxyType = 1;
			remoteGlobalIDString = 735024431D4FC22900C0B3DC;
			remoteInfo = VirtualTourist;
		};
		735024641D4FC22900C0B3DC /* PBXContainerItemProxy */ = {
			isa = PBXContainerItemProxy;
			containerPortal = 7350243C1D4FC22900C0B3DC /* Project object */;
			proxyType = 1;
			remoteGlobalIDString = 735024431D4FC22900C0B3DC;
			remoteInfo = VirtualTourist;
		};
/* End PBXContainerItemProxy section */

/* Begin PBXFileReference section */
		733F6FA21D6232920059B62D /* VTPhotoAlbumViewController.swift */ = {isa = PBXFileReference; fileEncoding = 4; lastKnownFileType = sourcecode.swift; path = VTPhotoAlbumViewController.swift; sourceTree = "<group>"; };
		7342D4501D7CC3A5001BFA0A /* VTPhotoAlbumCollectionViewController.swift */ = {isa = PBXFileReference; fileEncoding = 4; lastKnownFileType = sourcecode.swift; path = VTPhotoAlbumCollectionViewController.swift; sourceTree = "<group>"; };
		735024441D4FC22900C0B3DC /* VirtualTourist.app */ = {isa = PBXFileReference; explicitFileType = wrapper.application; includeInIndex = 0; path = VirtualTourist.app; sourceTree = BUILT_PRODUCTS_DIR; };
		735024471D4FC22900C0B3DC /* AppDelegate.swift */ = {isa = PBXFileReference; lastKnownFileType = sourcecode.swift; path = AppDelegate.swift; sourceTree = "<group>"; };
		7350244C1D4FC22900C0B3DC /* Base */ = {isa = PBXFileReference; lastKnownFileType = file.storyboard; name = Base; path = Base.lproj/Main.storyboard; sourceTree = "<group>"; };
		7350244E1D4FC22900C0B3DC /* Assets.xcassets */ = {isa = PBXFileReference; lastKnownFileType = folder.assetcatalog; path = Assets.xcassets; sourceTree = "<group>"; };
		735024511D4FC22900C0B3DC /* Base */ = {isa = PBXFileReference; lastKnownFileType = file.storyboard; name = Base; path = Base.lproj/LaunchScreen.storyboard; sourceTree = "<group>"; };
		735024531D4FC22900C0B3DC /* Info.plist */ = {isa = PBXFileReference; lastKnownFileType = text.plist.xml; path = Info.plist; sourceTree = "<group>"; };
		735024581D4FC22900C0B3DC /* VirtualTouristTests.xctest */ = {isa = PBXFileReference; explicitFileType = wrapper.cfbundle; includeInIndex = 0; path = VirtualTouristTests.xctest; sourceTree = BUILT_PRODUCTS_DIR; };
		7350245C1D4FC22900C0B3DC /* VirtualTouristTests.swift */ = {isa = PBXFileReference; lastKnownFileType = sourcecode.swift; path = VirtualTouristTests.swift; sourceTree = "<group>"; };
		7350245E1D4FC22900C0B3DC /* Info.plist */ = {isa = PBXFileReference; lastKnownFileType = text.plist.xml; path = Info.plist; sourceTree = "<group>"; };
		735024631D4FC22900C0B3DC /* VirtualTouristUITests.xctest */ = {isa = PBXFileReference; explicitFileType = wrapper.cfbundle; includeInIndex = 0; path = VirtualTouristUITests.xctest; sourceTree = BUILT_PRODUCTS_DIR; };
		735024671D4FC22900C0B3DC /* VirtualTouristUITests.swift */ = {isa = PBXFileReference; lastKnownFileType = sourcecode.swift; path = VirtualTouristUITests.swift; sourceTree = "<group>"; };
		735024691D4FC22900C0B3DC /* Info.plist */ = {isa = PBXFileReference; lastKnownFileType = text.plist.xml; path = Info.plist; sourceTree = "<group>"; };
		735024781D4FC3C200C0B3DC /* VTMapViewController.swift */ = {isa = PBXFileReference; fileEncoding = 4; lastKnownFileType = sourcecode.swift; path = VTMapViewController.swift; sourceTree = "<group>"; };
		7350247A1D4FC44700C0B3DC /* MapKit.framework */ = {isa = PBXFileReference; lastKnownFileType = wrapper.framework; name = MapKit.framework; path = System/Library/Frameworks/MapKit.framework; sourceTree = SDKROOT; };
		735628061D6D197300E5C96D /* VirtualTouristModel.xcdatamodel */ = {isa = PBXFileReference; lastKnownFileType = wrapper.xcdatamodel; path = VirtualTouristModel.xcdatamodel; sourceTree = "<group>"; };
		7390B0891D871F8A00FC304F /* VTClient.swift */ = {isa = PBXFileReference; fileEncoding = 4; lastKnownFileType = sourcecode.swift; path = VTClient.swift; sourceTree = "<group>"; };
		739CBCFD1D998A41005B80CE /* VirtualTouristModel2.xcdatamodel */ = {isa = PBXFileReference; lastKnownFileType = wrapper.xcdatamodel; path = VirtualTouristModel2.xcdatamodel; sourceTree = "<group>"; };
		739CBD061D998DD0005B80CE /* Pin+CoreDataProperties.swift */ = {isa = PBXFileReference; fileEncoding = 4; lastKnownFileType = sourcecode.swift; name = "Pin+CoreDataProperties.swift"; path = "../Pin+CoreDataProperties.swift"; sourceTree = "<group>"; };
		739CBD0A1D998E48005B80CE /* Photo+CoreDataProperties.swift */ = {isa = PBXFileReference; fileEncoding = 4; lastKnownFileType = sourcecode.swift; name = "Photo+CoreDataProperties.swift"; path = "../Photo+CoreDataProperties.swift"; sourceTree = "<group>"; };
		739D861C1D91D43700E9B137 /* VTPhotoCollectionViewCell.swift */ = {isa = PBXFileReference; fileEncoding = 4; lastKnownFileType = sourcecode.swift; path = VTPhotoCollectionViewCell.swift; sourceTree = "<group>"; };
		73A063731D88CF3F00E64328 /* VTUIViewController.swift */ = {isa = PBXFileReference; fileEncoding = 4; lastKnownFileType = sourcecode.swift; path = VTUIViewController.swift; sourceTree = "<group>"; };
		73FC4FC81D6E3A1A009162B1 /* Photo.swift */ = {isa = PBXFileReference; fileEncoding = 4; lastKnownFileType = sourcecode.swift; name = Photo.swift; path = ../Photo.swift; sourceTree = "<group>"; };
		73FC4FCA1D6E3A1A009162B1 /* Pin.swift */ = {isa = PBXFileReference; fileEncoding = 4; lastKnownFileType = sourcecode.swift; name = Pin.swift; path = ../Pin.swift; sourceTree = "<group>"; };
		73FC4FCF1D6E3C80009162B1 /* CoreDataStack.swift */ = {isa = PBXFileReference; fileEncoding = 4; lastKnownFileType = sourcecode.swift; path = CoreDataStack.swift; sourceTree = "<group>"; };
		73FC4FD11D6E3ED8009162B1 /* CoreDataCollectionViewController.swift */ = {isa = PBXFileReference; fileEncoding = 4; lastKnownFileType = sourcecode.swift; path = CoreDataCollectionViewController.swift; sourceTree = "<group>"; };
/* End PBXFileReference section */

/* Begin PBXFrameworksBuildPhase section */
		735024411D4FC22900C0B3DC /* Frameworks */ = {
			isa = PBXFrameworksBuildPhase;
			buildActionMask = 2147483647;
			files = (
				7350247B1D4FC44700C0B3DC /* MapKit.framework in Frameworks */,
			);
			runOnlyForDeploymentPostprocessing = 0;
		};
		735024551D4FC22900C0B3DC /* Frameworks */ = {
			isa = PBXFrameworksBuildPhase;
			buildActionMask = 2147483647;
			files = (
			);
			runOnlyForDeploymentPostprocessing = 0;
		};
		735024601D4FC22900C0B3DC /* Frameworks */ = {
			isa = PBXFrameworksBuildPhase;
			buildActionMask = 2147483647;
			files = (
			);
			runOnlyForDeploymentPostprocessing = 0;
		};
/* End PBXFrameworksBuildPhase section */

/* Begin PBXGroup section */
		7350243B1D4FC22900C0B3DC = {
			isa = PBXGroup;
			children = (
				7350247A1D4FC44700C0B3DC /* MapKit.framework */,
				735024461D4FC22900C0B3DC /* VirtualTourist */,
				7350245B1D4FC22900C0B3DC /* VirtualTouristTests */,
				735024661D4FC22900C0B3DC /* VirtualTouristUITests */,
				735024451D4FC22900C0B3DC /* Products */,
			);
			sourceTree = "<group>";
		};
		735024451D4FC22900C0B3DC /* Products */ = {
			isa = PBXGroup;
			children = (
				735024441D4FC22900C0B3DC /* VirtualTourist.app */,
				735024581D4FC22900C0B3DC /* VirtualTouristTests.xctest */,
				735024631D4FC22900C0B3DC /* VirtualTouristUITests.xctest */,
			);
			name = Products;
			sourceTree = "<group>";
		};
		735024461D4FC22900C0B3DC /* VirtualTourist */ = {
			isa = PBXGroup;
			children = (
				735024751D4FC37B00C0B3DC /* Model */,
				735024761D4FC38500C0B3DC /* View */,
				735024771D4FC38B00C0B3DC /* Controller */,
				73A1AE111D7CA6B800A677F8 /* Assets */,
				735024471D4FC22900C0B3DC /* AppDelegate.swift */,
				735024531D4FC22900C0B3DC /* Info.plist */,
			);
			path = VirtualTourist;
			sourceTree = "<group>";
		};
		7350245B1D4FC22900C0B3DC /* VirtualTouristTests */ = {
			isa = PBXGroup;
			children = (
				7350245C1D4FC22900C0B3DC /* VirtualTouristTests.swift */,
				7350245E1D4FC22900C0B3DC /* Info.plist */,
			);
			path = VirtualTouristTests;
			sourceTree = "<group>";
		};
		735024661D4FC22900C0B3DC /* VirtualTouristUITests */ = {
			isa = PBXGroup;
			children = (
				735024671D4FC22900C0B3DC /* VirtualTouristUITests.swift */,
				735024691D4FC22900C0B3DC /* Info.plist */,
			);
			path = VirtualTouristUITests;
			sourceTree = "<group>";
		};
		735024751D4FC37B00C0B3DC /* Model */ = {
			isa = PBXGroup;
			children = (
				739CBD0A1D998E48005B80CE /* Photo+CoreDataProperties.swift */,
				739CBD061D998DD0005B80CE /* Pin+CoreDataProperties.swift */,
				73FC4FC81D6E3A1A009162B1 /* Photo.swift */,
				73FC4FCA1D6E3A1A009162B1 /* Pin.swift */,
				735628051D6D197300E5C96D /* VirtualTouristModel.xcdatamodeld */,
				73FC4FCF1D6E3C80009162B1 /* CoreDataStack.swift */,
				7390B0891D871F8A00FC304F /* VTClient.swift */,
			);
			name = Model;
			sourceTree = "<group>";
		};
		735024761D4FC38500C0B3DC /* View */ = {
			isa = PBXGroup;
			children = (
				739D861C1D91D43700E9B137 /* VTPhotoCollectionViewCell.swift */,
			);
			name = View;
			sourceTree = "<group>";
		};
		735024771D4FC38B00C0B3DC /* Controller */ = {
			isa = PBXGroup;
			children = (
				73A063731D88CF3F00E64328 /* VTUIViewController.swift */,
				735024781D4FC3C200C0B3DC /* VTMapViewController.swift */,
				733F6FA21D6232920059B62D /* VTPhotoAlbumViewController.swift */,
				73FC4FD11D6E3ED8009162B1 /* CoreDataCollectionViewController.swift */,
				7342D4501D7CC3A5001BFA0A /* VTPhotoAlbumCollectionViewController.swift */,
			);
			name = Controller;
			sourceTree = "<group>";
		};
		73A1AE111D7CA6B800A677F8 /* Assets */ = {
			isa = PBXGroup;
			children = (
				7350244B1D4FC22900C0B3DC /* Main.storyboard */,
				7350244E1D4FC22900C0B3DC /* Assets.xcassets */,
				735024501D4FC22900C0B3DC /* LaunchScreen.storyboard */,
			);
			name = Assets;
			sourceTree = "<group>";
		};
/* End PBXGroup section */

/* Begin PBXNativeTarget section */
		735024431D4FC22900C0B3DC /* VirtualTourist */ = {
			isa = PBXNativeTarget;
			buildConfigurationList = 7350246C1D4FC22900C0B3DC /* Build configuration list for PBXNativeTarget "VirtualTourist" */;
			buildPhases = (
				735024401D4FC22900C0B3DC /* Sources */,
				735024411D4FC22900C0B3DC /* Frameworks */,
				735024421D4FC22900C0B3DC /* Resources */,
			);
			buildRules = (
			);
			dependencies = (
			);
			name = VirtualTourist;
			productName = VirtualTourist;
			productReference = 735024441D4FC22900C0B3DC /* VirtualTourist.app */;
			productType = "com.apple.product-type.application";
		};
		735024571D4FC22900C0B3DC /* VirtualTouristTests */ = {
			isa = PBXNativeTarget;
			buildConfigurationList = 7350246F1D4FC22900C0B3DC /* Build configuration list for PBXNativeTarget "VirtualTouristTests" */;
			buildPhases = (
				735024541D4FC22900C0B3DC /* Sources */,
				735024551D4FC22900C0B3DC /* Frameworks */,
				735024561D4FC22900C0B3DC /* Resources */,
			);
			buildRules = (
			);
			dependencies = (
				7350245A1D4FC22900C0B3DC /* PBXTargetDependency */,
			);
			name = VirtualTouristTests;
			productName = VirtualTouristTests;
			productReference = 735024581D4FC22900C0B3DC /* VirtualTouristTests.xctest */;
			productType = "com.apple.product-type.bundle.unit-test";
		};
		735024621D4FC22900C0B3DC /* VirtualTouristUITests */ = {
			isa = PBXNativeTarget;
			buildConfigurationList = 735024721D4FC22900C0B3DC /* Build configuration list for PBXNativeTarget "VirtualTouristUITests" */;
			buildPhases = (
				7350245F1D4FC22900C0B3DC /* Sources */,
				735024601D4FC22900C0B3DC /* Frameworks */,
				735024611D4FC22900C0B3DC /* Resources */,
			);
			buildRules = (
			);
			dependencies = (
				735024651D4FC22900C0B3DC /* PBXTargetDependency */,
			);
			name = VirtualTouristUITests;
			productName = VirtualTouristUITests;
			productReference = 735024631D4FC22900C0B3DC /* VirtualTouristUITests.xctest */;
			productType = "com.apple.product-type.bundle.ui-testing";
		};
/* End PBXNativeTarget section */

/* Begin PBXProject section */
		7350243C1D4FC22900C0B3DC /* Project object */ = {
			isa = PBXProject;
			attributes = {
				LastSwiftUpdateCheck = 0730;
				LastUpgradeCheck = 0730;
				ORGANIZATIONNAME = "Alfonso Sosa";
				TargetAttributes = {
					735024431D4FC22900C0B3DC = {
						CreatedOnToolsVersion = 7.3.1;
					};
					735024571D4FC22900C0B3DC = {
						CreatedOnToolsVersion = 7.3.1;
						TestTargetID = 735024431D4FC22900C0B3DC;
					};
					735024621D4FC22900C0B3DC = {
						CreatedOnToolsVersion = 7.3.1;
						TestTargetID = 735024431D4FC22900C0B3DC;
					};
				};
			};
			buildConfigurationList = 7350243F1D4FC22900C0B3DC /* Build configuration list for PBXProject "VirtualTourist" */;
			compatibilityVersion = "Xcode 3.2";
			developmentRegion = English;
			hasScannedForEncodings = 0;
			knownRegions = (
				en,
				Base,
			);
			mainGroup = 7350243B1D4FC22900C0B3DC;
			productRefGroup = 735024451D4FC22900C0B3DC /* Products */;
			projectDirPath = "";
			projectRoot = "";
			targets = (
				735024431D4FC22900C0B3DC /* VirtualTourist */,
				735024571D4FC22900C0B3DC /* VirtualTouristTests */,
				735024621D4FC22900C0B3DC /* VirtualTouristUITests */,
			);
		};
/* End PBXProject section */

/* Begin PBXResourcesBuildPhase section */
		735024421D4FC22900C0B3DC /* Resources */ = {
			isa = PBXResourcesBuildPhase;
			buildActionMask = 2147483647;
			files = (
				735024521D4FC22900C0B3DC /* LaunchScreen.storyboard in Resources */,
				7350244F1D4FC22900C0B3DC /* Assets.xcassets in Resources */,
				7350244D1D4FC22900C0B3DC /* Main.storyboard in Resources */,
			);
			runOnlyForDeploymentPostprocessing = 0;
		};
		735024561D4FC22900C0B3DC /* Resources */ = {
			isa = PBXResourcesBuildPhase;
			buildActionMask = 2147483647;
			files = (
			);
			runOnlyForDeploymentPostprocessing = 0;
		};
		735024611D4FC22900C0B3DC /* Resources */ = {
			isa = PBXResourcesBuildPhase;
			buildActionMask = 2147483647;
			files = (
			);
			runOnlyForDeploymentPostprocessing = 0;
		};
/* End PBXResourcesBuildPhase section */

/* Begin PBXSourcesBuildPhase section */
		735024401D4FC22900C0B3DC /* Sources */ = {
			isa = PBXSourcesBuildPhase;
			buildActionMask = 2147483647;
			files = (
				73FC4FCC1D6E3A1A009162B1 /* Photo.swift in Sources */,
				73A063741D88CF3F00E64328 /* VTUIViewController.swift in Sources */,
				73FC4FD21D6E3ED8009162B1 /* CoreDataCollectionViewController.swift in Sources */,
				739CBD0B1D998E48005B80CE /* Photo+CoreDataProperties.swift in Sources */,
				739CBD081D998DD0005B80CE /* Pin+CoreDataProperties.swift in Sources */,
				739D861D1D91D43700E9B137 /* VTPhotoCollectionViewCell.swift in Sources */,
				73FC4FCE1D6E3A1A009162B1 /* Pin.swift in Sources */,
				7390B08A1D871F8A00FC304F /* VTClient.swift in Sources */,
				7342D4511D7CC3A5001BFA0A /* VTPhotoAlbumCollectionViewController.swift in Sources */,
				735024791D4FC3C200C0B3DC /* VTMapViewController.swift in Sources */,
				73FC4FD01D6E3C80009162B1 /* CoreDataStack.swift in Sources */,
				735628071D6D197300E5C96D /* VirtualTouristModel.xcdatamodeld in Sources */,
				733F6FA31D6232920059B62D /* VTPhotoAlbumViewController.swift in Sources */,
				735024481D4FC22900C0B3DC /* AppDelegate.swift in Sources */,
			);
			runOnlyForDeploymentPostprocessing = 0;
		};
		735024541D4FC22900C0B3DC /* Sources */ = {
			isa = PBXSourcesBuildPhase;
			buildActionMask = 2147483647;
			files = (
				7350245D1D4FC22900C0B3DC /* VirtualTouristTests.swift in Sources */,
			);
			runOnlyForDeploymentPostprocessing = 0;
		};
		7350245F1D4FC22900C0B3DC /* Sources */ = {
			isa = PBXSourcesBuildPhase;
			buildActionMask = 2147483647;
			files = (
				735024681D4FC22900C0B3DC /* VirtualTouristUITests.swift in Sources */,
			);
			runOnlyForDeploymentPostprocessing = 0;
		};
/* End PBXSourcesBuildPhase section */

/* Begin PBXTargetDependency section */
		7350245A1D4FC22900C0B3DC /* PBXTargetDependency */ = {
			isa = PBXTargetDependency;
			target = 735024431D4FC22900C0B3DC /* VirtualTourist */;
			targetProxy = 735024591D4FC22900C0B3DC /* PBXContainerItemProxy */;
		};
		735024651D4FC22900C0B3DC /* PBXTargetDependency */ = {
			isa = PBXTargetDependency;
			target = 735024431D4FC22900C0B3DC /* VirtualTourist */;
			targetProxy = 735024641D4FC22900C0B3DC /* PBXContainerItemProxy */;
		};
/* End PBXTargetDependency section */

/* Begin PBXVariantGroup section */
		7350244B1D4FC22900C0B3DC /* Main.storyboard */ = {
			isa = PBXVariantGroup;
			children = (
				7350244C1D4FC22900C0B3DC /* Base */,
			);
			name = Main.storyboard;
			sourceTree = "<group>";
		};
		735024501D4FC22900C0B3DC /* LaunchScreen.storyboard */ = {
			isa = PBXVariantGroup;
			children = (
				735024511D4FC22900C0B3DC /* Base */,
			);
			name = LaunchScreen.storyboard;
			sourceTree = "<group>";
		};
/* End PBXVariantGroup section */

/* Begin XCBuildConfiguration section */
		7350246A1D4FC22900C0B3DC /* Debug */ = {
			isa = XCBuildConfiguration;
			buildSettings = {
				ALWAYS_SEARCH_USER_PATHS = NO;
				CLANG_ANALYZER_NONNULL = YES;
				CLANG_CXX_LANGUAGE_STANDARD = "gnu++0x";
				CLANG_CXX_LIBRARY = "libc++";
				CLANG_ENABLE_MODULES = YES;
				CLANG_ENABLE_OBJC_ARC = YES;
				CLANG_WARN_BOOL_CONVERSION = YES;
				CLANG_WARN_CONSTANT_CONVERSION = YES;
				CLANG_WARN_DIRECT_OBJC_ISA_USAGE = YES_ERROR;
				CLANG_WARN_EMPTY_BODY = YES;
				CLANG_WARN_ENUM_CONVERSION = YES;
				CLANG_WARN_INT_CONVERSION = YES;
				CLANG_WARN_OBJC_ROOT_CLASS = YES_ERROR;
				CLANG_WARN_UNREACHABLE_CODE = YES;
				CLANG_WARN__DUPLICATE_METHOD_MATCH = YES;
				"CODE_SIGN_IDENTITY[sdk=iphoneos*]" = "iPhone Developer";
				COPY_PHASE_STRIP = NO;
				DEBUG_INFORMATION_FORMAT = dwarf;
				ENABLE_STRICT_OBJC_MSGSEND = YES;
				ENABLE_TESTABILITY = YES;
				GCC_C_LANGUAGE_STANDARD = gnu99;
				GCC_DYNAMIC_NO_PIC = NO;
				GCC_NO_COMMON_BLOCKS = YES;
				GCC_OPTIMIZATION_LEVEL = 0;
				GCC_PREPROCESSOR_DEFINITIONS = (
					"DEBUG=1",
					"$(inherited)",
				);
				GCC_WARN_64_TO_32_BIT_CONVERSION = YES;
				GCC_WARN_ABOUT_RETURN_TYPE = YES_ERROR;
				GCC_WARN_UNDECLARED_SELECTOR = YES;
				GCC_WARN_UNINITIALIZED_AUTOS = YES_AGGRESSIVE;
				GCC_WARN_UNUSED_FUNCTION = YES;
				GCC_WARN_UNUSED_VARIABLE = YES;
				IPHONEOS_DEPLOYMENT_TARGET = 9.3;
				MTL_ENABLE_DEBUG_INFO = YES;
				ONLY_ACTIVE_ARCH = YES;
				SDKROOT = iphoneos;
				SWIFT_OPTIMIZATION_LEVEL = "-Onone";
			};
			name = Debug;
		};
		7350246B1D4FC22900C0B3DC /* Release */ = {
			isa = XCBuildConfiguration;
			buildSettings = {
				ALWAYS_SEARCH_USER_PATHS = NO;
				CLANG_ANALYZER_NONNULL = YES;
				CLANG_CXX_LANGUAGE_STANDARD = "gnu++0x";
				CLANG_CXX_LIBRARY = "libc++";
				CLANG_ENABLE_MODULES = YES;
				CLANG_ENABLE_OBJC_ARC = YES;
				CLANG_WARN_BOOL_CONVERSION = YES;
				CLANG_WARN_CONSTANT_CONVERSION = YES;
				CLANG_WARN_DIRECT_OBJC_ISA_USAGE = YES_ERROR;
				CLANG_WARN_EMPTY_BODY = YES;
				CLANG_WARN_ENUM_CONVERSION = YES;
				CLANG_WARN_INT_CONVERSION = YES;
				CLANG_WARN_OBJC_ROOT_CLASS = YES_ERROR;
				CLANG_WARN_UNREACHABLE_CODE = YES;
				CLANG_WARN__DUPLICATE_METHOD_MATCH = YES;
				"CODE_SIGN_IDENTITY[sdk=iphoneos*]" = "iPhone Developer";
				COPY_PHASE_STRIP = NO;
				DEBUG_INFORMATION_FORMAT = "dwarf-with-dsym";
				ENABLE_NS_ASSERTIONS = NO;
				ENABLE_STRICT_OBJC_MSGSEND = YES;
				GCC_C_LANGUAGE_STANDARD = gnu99;
				GCC_NO_COMMON_BLOCKS = YES;
				GCC_WARN_64_TO_32_BIT_CONVERSION = YES;
				GCC_WARN_ABOUT_RETURN_TYPE = YES_ERROR;
				GCC_WARN_UNDECLARED_SELECTOR = YES;
				GCC_WARN_UNINITIALIZED_AUTOS = YES_AGGRESSIVE;
				GCC_WARN_UNUSED_FUNCTION = YES;
				GCC_WARN_UNUSED_VARIABLE = YES;
				IPHONEOS_DEPLOYMENT_TARGET = 9.3;
				MTL_ENABLE_DEBUG_INFO = NO;
				SDKROOT = iphoneos;
				VALIDATE_PRODUCT = YES;
			};
			name = Release;
		};
		7350246D1D4FC22900C0B3DC /* Debug */ = {
			isa = XCBuildConfiguration;
			buildSettings = {
				ASSETCATALOG_COMPILER_APPICON_NAME = AppIcon;
				INFOPLIST_FILE = VirtualTourist/Info.plist;
				LD_RUNPATH_SEARCH_PATHS = "$(inherited) @executable_path/Frameworks";
				PRODUCT_BUNDLE_IDENTIFIER = com.asosa.VirtualTourist;
				PRODUCT_NAME = "$(TARGET_NAME)";
			};
			name = Debug;
		};
		7350246E1D4FC22900C0B3DC /* Release */ = {
			isa = XCBuildConfiguration;
			buildSettings = {
				ASSETCATALOG_COMPILER_APPICON_NAME = AppIcon;
				INFOPLIST_FILE = VirtualTourist/Info.plist;
				LD_RUNPATH_SEARCH_PATHS = "$(inherited) @executable_path/Frameworks";
				PRODUCT_BUNDLE_IDENTIFIER = com.asosa.VirtualTourist;
				PRODUCT_NAME = "$(TARGET_NAME)";
			};
			name = Release;
		};
		735024701D4FC22900C0B3DC /* Debug */ = {
			isa = XCBuildConfiguration;
			buildSettings = {
				BUNDLE_LOADER = "$(TEST_HOST)";
				INFOPLIST_FILE = VirtualTouristTests/Info.plist;
				LD_RUNPATH_SEARCH_PATHS = "$(inherited) @executable_path/Frameworks @loader_path/Frameworks";
				PRODUCT_BUNDLE_IDENTIFIER = com.asosa.VirtualTouristTests;
				PRODUCT_NAME = "$(TARGET_NAME)";
				TEST_HOST = "$(BUILT_PRODUCTS_DIR)/VirtualTourist.app/VirtualTourist";
			};
			name = Debug;
		};
		735024711D4FC22900C0B3DC /* Release */ = {
			isa = XCBuildConfiguration;
			buildSettings = {
				BUNDLE_LOADER = "$(TEST_HOST)";
				INFOPLIST_FILE = VirtualTouristTests/Info.plist;
				LD_RUNPATH_SEARCH_PATHS = "$(inherited) @executable_path/Frameworks @loader_path/Frameworks";
				PRODUCT_BUNDLE_IDENTIFIER = com.asosa.VirtualTouristTests;
				PRODUCT_NAME = "$(TARGET_NAME)";
				TEST_HOST = "$(BUILT_PRODUCTS_DIR)/VirtualTourist.app/VirtualTourist";
			};
			name = Release;
		};
		735024731D4FC22900C0B3DC /* Debug */ = {
			isa = XCBuildConfiguration;
			buildSettings = {
				INFOPLIST_FILE = VirtualTouristUITests/Info.plist;
				LD_RUNPATH_SEARCH_PATHS = "$(inherited) @executable_path/Frameworks @loader_path/Frameworks";
				PRODUCT_BUNDLE_IDENTIFIER = com.asosa.VirtualTouristUITests;
				PRODUCT_NAME = "$(TARGET_NAME)";
				TEST_TARGET_NAME = VirtualTourist;
			};
			name = Debug;
		};
		735024741D4FC22900C0B3DC /* Release */ = {
			isa = XCBuildConfiguration;
			buildSettings = {
				INFOPLIST_FILE = VirtualTouristUITests/Info.plist;
				LD_RUNPATH_SEARCH_PATHS = "$(inherited) @executable_path/Frameworks @loader_path/Frameworks";
				PRODUCT_BUNDLE_IDENTIFIER = com.asosa.VirtualTouristUITests;
				PRODUCT_NAME = "$(TARGET_NAME)";
				TEST_TARGET_NAME = VirtualTourist;
			};
			name = Release;
		};
/* End XCBuildConfiguration section */

/* Begin XCConfigurationList section */
		7350243F1D4FC22900C0B3DC /* Build configuration list for PBXProject "VirtualTourist" */ = {
			isa = XCConfigurationList;
			buildConfigurations = (
				7350246A1D4FC22900C0B3DC /* Debug */,
				7350246B1D4FC22900C0B3DC /* Release */,
			);
			defaultConfigurationIsVisible = 0;
			defaultConfigurationName = Release;
		};
		7350246C1D4FC22900C0B3DC /* Build configuration list for PBXNativeTarget "VirtualTourist" */ = {
			isa = XCConfigurationList;
			buildConfigurations = (
				7350246D1D4FC22900C0B3DC /* Debug */,
				7350246E1D4FC22900C0B3DC /* Release */,
			);
			defaultConfigurationIsVisible = 0;
			defaultConfigurationName = Release;
		};
		7350246F1D4FC22900C0B3DC /* Build configuration list for PBXNativeTarget "VirtualTouristTests" */ = {
			isa = XCConfigurationList;
			buildConfigurations = (
				735024701D4FC22900C0B3DC /* Debug */,
				735024711D4FC22900C0B3DC /* Release */,
			);
			defaultConfigurationIsVisible = 0;
			defaultConfigurationName = Release;
		};
		735024721D4FC22900C0B3DC /* Build configuration list for PBXNativeTarget "VirtualTouristUITests" */ = {
			isa = XCConfigurationList;
			buildConfigurations = (
				735024731D4FC22900C0B3DC /* Debug */,
				735024741D4FC22900C0B3DC /* Release */,
			);
			defaultConfigurationIsVisible = 0;
			defaultConfigurationName = Release;
		};
/* End XCConfigurationList section */

/* Begin XCVersionGroup section */
		735628051D6D197300E5C96D /* VirtualTouristModel.xcdatamodeld */ = {
			isa = XCVersionGroup;
			children = (
				739CBCFD1D998A41005B80CE /* VirtualTouristModel2.xcdatamodel */,
				735628061D6D197300E5C96D /* VirtualTouristModel.xcdatamodel */,
			);
			currentVersion = 739CBCFD1D998A41005B80CE /* VirtualTouristModel2.xcdatamodel */;
			path = VirtualTouristModel.xcdatamodeld;
			sourceTree = "<group>";
			versionGroupType = wrapper.xcdatamodel;
		};
/* End XCVersionGroup section */
	};
	rootObject = 7350243C1D4FC22900C0B3DC /* Project object */;
}
